
Microsoft Visual Studio Solution File, Format Version 12.00
# Visual Studio Version 16
VisualStudioVersion = 16.0.30804.86
MinimumVisualStudioVersion = 10.0.40219.1
Project("{FAE04EC0-301F-11D3-BF4B-00C04F79EFBC}") = "Minesweeper", "Minesweeper\Minesweeper.csproj", "{81C7E0D6-2728-4C4B-9F54-7E9D838F0859}"
EndProject
Global
	GlobalSection(SolutionConfigurationPlatforms) = preSolution
		Debug|Any CPU = Debug|Any CPU
		Release|Any CPU = Release|Any CPU
	EndGlobalSection
	GlobalSection(ProjectConfigurationPlatforms) = postSolution
		{81C7E0D6-2728-4C4B-9F54-7E9D838F0859}.Debug|Any CPU.ActiveCfg = Debug|Any CPU
		{81C7E0D6-2728-4C4B-9F54-7E9D838F0859}.Debug|Any CPU.Build.0 = Debug|Any CPU
		{81C7E0D6-2728-4C4B-9F54-7E9D838F0859}.Release|Any CPU.ActiveCfg = Release|Any CPU
		{81C7E0D6-2728-4C4B-9F54-7E9D838F0859}.Release|Any CPU.Build.0 = Release|Any CPU
	EndGlobalSection
	GlobalSection(SolutionProperties) = preSolution
		HideSolutionNode = FALSE
	EndGlobalSection
	GlobalSection(ExtensibilityGlobals) = postSolution
		SolutionGuid = {E90467AF-B5D5-4D87-98A2-4BACD844A4BE}
	EndGlobalSection
EndGlobal
